
Microsoft Visual Studio Solution File, Format Version 12.00
# Visual Studio Version 16
VisualStudioVersion = 16.0.29806.167
MinimumVisualStudioVersion = 10.0.40219.1
Project("{8BC9CEB8-8B4A-11D0-8D11-00A0C91BC942}") = "HTTP_Hypertext_Transfer_Protocol", "HTTP_Hypertext_Transfer_Protocol\HTTP_Hypertext_Transfer_Protocol.vcxproj", "{EE992C15-6A22-4495-92BC-D6A695A2932A}"
EndProject
Project("{8BC9CEB8-8B4A-11D0-8D11-00A0C91BC942}") = "Solution_templated_DIR", "Solution_templated_DIR\Solution_templated_DIR.vcxproj", "{1F60B881-0ECD-4496-A51D-0AE6D28FFDAB}"
EndProject
Global
	GlobalSection(SolutionConfigurationPlatforms) = preSolution
		Debug|x64 = Debug|x64
		Debug|x86 = Debug|x86
		Release|x64 = Release|x64
		Release|x86 = Release|x86
	EndGlobalSection
	GlobalSection(ProjectConfigurationPlatforms) = postSolution
		{EE992C15-6A22-4495-92BC-D6A695A2932A}.Debug|x64.ActiveCfg = Debug|x64
		{EE992C15-6A22-4495-92BC-D6A695A2932A}.Debug|x64.Build.0 = Debug|x64
		{EE992C15-6A22-4495-92BC-D6A695A2932A}.Debug|x86.ActiveCfg = Debug|Win32
		{EE992C15-6A22-4495-92BC-D6A695A2932A}.Debug|x86.Build.0 = Debug|Win32
		{EE992C15-6A22-4495-92BC-D6A695A2932A}.Release|x64.ActiveCfg = Release|x64
		{EE992C15-6A22-4495-92BC-D6A695A2932A}.Release|x64.Build.0 = Release|x64
		{EE992C15-6A22-4495-92BC-D6A695A2932A}.Release|x86.ActiveCfg = Release|Win32
		{EE992C15-6A22-4495-92BC-D6A695A2932A}.Release|x86.Build.0 = Release|Win32
		{1F60B881-0ECD-4496-A51D-0AE6D28FFDAB}.Debug|x64.ActiveCfg = Debug|x64
		{1F60B881-0ECD-4496-A51D-0AE6D28FFDAB}.Debug|x64.Build.0 = Debug|x64
		{1F60B881-0ECD-4496-A51D-0AE6D28FFDAB}.Debug|x86.ActiveCfg = Debug|Win32
		{1F60B881-0ECD-4496-A51D-0AE6D28FFDAB}.Debug|x86.Build.0 = Debug|Win32
		{1F60B881-0ECD-4496-A51D-0AE6D28FFDAB}.Release|x64.ActiveCfg = Release|x64
		{1F60B881-0ECD-4496-A51D-0AE6D28FFDAB}.Release|x64.Build.0 = Release|x64
		{1F60B881-0ECD-4496-A51D-0AE6D28FFDAB}.Release|x86.ActiveCfg = Release|Win32
		{1F60B881-0ECD-4496-A51D-0AE6D28FFDAB}.Release|x86.Build.0 = Release|Win32
	EndGlobalSection
	GlobalSection(SolutionProperties) = preSolution
		HideSolutionNode = FALSE
	EndGlobalSection
	GlobalSection(ExtensibilityGlobals) = postSolution
		SolutionGuid = {1CF6B0C2-02A8-42CD-B906-251CC8DDAFDA}
	EndGlobalSection
EndGlobal
